
Microsoft Visual Studio Solution File, Format Version 12.00
# Visual Studio Version 16
VisualStudioVersion = 16.0.31129.286
MinimumVisualStudioVersion = 10.0.40219.1
Project("{FAE04EC0-301F-11D3-BF4B-00C04F79EFBC}") = "ERMODELLER", "ERMODELLER\ERMODELLER.csproj", "{9C70FA94-263E-4D7E-B11F-F86ABEE78B05}"
EndProject
Global
	GlobalSection(SolutionConfigurationPlatforms) = preSolution
		Debug|Any CPU = Debug|Any CPU
		Release|Any CPU = Release|Any CPU
	EndGlobalSection
	GlobalSection(ProjectConfigurationPlatforms) = postSolution
		{9C70FA94-263E-4D7E-B11F-F86ABEE78B05}.Debug|Any CPU.ActiveCfg = Debug|Any CPU
		{9C70FA94-263E-4D7E-B11F-F86ABEE78B05}.Debug|Any CPU.Build.0 = Debug|Any CPU
		{9C70FA94-263E-4D7E-B11F-F86ABEE78B05}.Release|Any CPU.ActiveCfg = Release|Any CPU
		{9C70FA94-263E-4D7E-B11F-F86ABEE78B05}.Release|Any CPU.Build.0 = Release|Any CPU
	EndGlobalSection
	GlobalSection(SolutionProperties) = preSolution
		HideSolutionNode = FALSE
	EndGlobalSection
	GlobalSection(ExtensibilityGlobals) = postSolution
		SolutionGuid = {FA654602-8BAE-4264-87E9-EF5EACF5EAF6}
	EndGlobalSection
EndGlobal
